
Microsoft Visual Studio Solution File, Format Version 12.00
# Visual Studio 15
Project("{FAE04EC0-301F-11D3-BF4B-00C04F79EFBC}") = "Unity.Timeline", "Unity.Timeline.csproj", "{87256C18-BC7F-E1A6-D2EB-A34F32563068}"
EndProject
Project("{FAE04EC0-301F-11D3-BF4B-00C04F79EFBC}") = "Unity.InputSystem", "Unity.InputSystem.csproj", "{6B1E0835-850F-0BCD-7DE2-0E80556FE970}"
EndProject
Project("{FAE04EC0-301F-11D3-BF4B-00C04F79EFBC}") = "Unity.2D.Aseprite.Editor", "Unity.2D.Aseprite.Editor.csproj", "{CECC7EE0-B960-9CE6-0A0D-D6A0DE296882}"
EndProject
Project("{FAE04EC0-301F-11D3-BF4B-00C04F79EFBC}") = "Unity.VisualScripting.Flow", "Unity.VisualScripting.Flow.csproj", "{44971D28-8683-B173-C9CD-83226476F412}"
EndProject
Project("{FAE04EC0-301F-11D3-BF4B-00C04F79EFBC}") = "Unity.Timeline.Editor", "Unity.Timeline.Editor.csproj", "{2B187DF0-3308-8BC8-9C44-9B6ACA4DC472}"
EndProject
Project("{FAE04EC0-301F-11D3-BF4B-00C04F79EFBC}") = "Unity.PlasticSCM.Editor", "Unity.PlasticSCM.Editor.csproj", "{DE4EB2AF-9240-12D5-BCBA-E8E170EE2664}"
EndProject
Project("{FAE04EC0-301F-11D3-BF4B-00C04F79EFBC}") = "Unity.Mathematics", "Unity.Mathematics.csproj", "{2B69A089-FB9F-905F-E80D-ABC34B79332D}"
EndProject
Project("{FAE04EC0-301F-11D3-BF4B-00C04F79EFBC}") = "Unity.2D.Common.Path.Editor", "Unity.2D.Common.Path.Editor.csproj", "{433D0A23-7E9E-C50E-F029-0F8F876241D3}"
EndProject
Project("{FAE04EC0-301F-11D3-BF4B-00C04F79EFBC}") = "Unity.2D.Psdimporter.Editor", "Unity.2D.Psdimporter.Editor.csproj", "{DC04544A-3108-8A9F-3508-A1BB8485CBDB}"
EndProject
Project("{FAE04EC0-301F-11D3-BF4B-00C04F79EFBC}") = "Unity.VisualScripting.Core.Editor", "Unity.VisualScripting.Core.Editor.csproj", "{8BA79DB1-DD78-86AA-2ACE-445DF7750B6C}"
EndProject
Project("{FAE04EC0-301F-11D3-BF4B-00C04F79EFBC}") = "Unity.2D.IK.Runtime", "Unity.2D.IK.Runtime.csproj", "{E96B16DD-C67C-9FD5-18AB-D3A118194744}"
EndProject
Project("{FAE04EC0-301F-11D3-BF4B-00C04F79EFBC}") = "UnityEditor.TestRunner", "UnityEditor.TestRunner.csproj", "{31B455C1-DA2C-3FE6-554E-8F35BA12F5D2}"
EndProject
Project("{FAE04EC0-301F-11D3-BF4B-00C04F79EFBC}") = "Unity.TextMeshPro.Editor", "Unity.TextMeshPro.Editor.csproj", "{1EADE9F2-701C-C097-F94A-018DA80C7A02}"
EndProject
Project("{FAE04EC0-301F-11D3-BF4B-00C04F79EFBC}") = "Unity.VisualScripting.Flow.Editor", "Unity.VisualScripting.Flow.Editor.csproj", "{50FF0C5D-72E6-0FF6-4BD9-A8B45274DBB0}"
EndProject
Project("{FAE04EC0-301F-11D3-BF4B-00C04F79EFBC}") = "UnityEngine.TestRunner", "UnityEngine.TestRunner.csproj", "{36D99306-C3C8-50F8-6D96-A514694A522D}"
EndProject
Project("{FAE04EC0-301F-11D3-BF4B-00C04F79EFBC}") = "Unity.VisualScripting.Core", "Unity.VisualScripting.Core.csproj", "{3ECE38A7-0B03-7A83-4F30-A760D1349038}"
EndProject
Project("{FAE04EC0-301F-11D3-BF4B-00C04F79EFBC}") = "Unity.Searcher.Editor", "Unity.Searcher.Editor.csproj", "{7A4DD3D0-5EA1-BC26-FDB4-81D7CCE1AFB7}"
EndProject
Project("{FAE04EC0-301F-11D3-BF4B-00C04F79EFBC}") = "Unity.Burst", "Unity.Burst.csproj", "{B04BBFE0-0339-22D6-70A7-E3D0844DE32E}"
EndProject
Project("{FAE04EC0-301F-11D3-BF4B-00C04F79EFBC}") = "PsdPlugin", "PsdPlugin.csproj", "{2D0A585D-12FB-C5C5-D1FD-F6CEBD8D2D64}"
EndProject
Project("{FAE04EC0-301F-11D3-BF4B-00C04F79EFBC}") = "Unity.Collections", "Unity.Collections.csproj", "{827357B4-1438-F629-9582-29A12158F3F5}"
EndProject
Project("{FAE04EC0-301F-11D3-BF4B-00C04F79EFBC}") = "Unity.2D.Animation.Editor", "Unity.2D.Animation.Editor.csproj", "{409934B5-95CA-5FE0-85B2-87D3271E7D93}"
EndProject
Project("{FAE04EC0-301F-11D3-BF4B-00C04F79EFBC}") = "Unity.2D.SpriteShape.Editor", "Unity.2D.SpriteShape.Editor.csproj", "{D626374D-58F5-A865-4DA3-7824FC5467BE}"
EndProject
Project("{FAE04EC0-301F-11D3-BF4B-00C04F79EFBC}") = "Unity.VisualStudio.Editor", "Unity.VisualStudio.Editor.csproj", "{7B7ED777-147D-E445-8FFD-8F5437590216}"
EndProject
Project("{FAE04EC0-301F-11D3-BF4B-00C04F79EFBC}") = "Unity.Rider.Editor", "Unity.Rider.Editor.csproj", "{C58D4514-95E5-1C5F-C6FB-577CE1323011}"
EndProject
Project("{FAE04EC0-301F-11D3-BF4B-00C04F79EFBC}") = "Unity.InternalAPIEditorBridge.001", "Unity.InternalAPIEditorBridge.001.csproj", "{DC5E9FA6-2848-C755-A764-88381CD9ABC9}"
EndProject
Project("{FAE04EC0-301F-11D3-BF4B-00C04F79EFBC}") = "Unity.2D.SpriteShape.Runtime", "Unity.2D.SpriteShape.Runtime.csproj", "{1B5DAC08-0FAD-3746-2590-666C9CE2147E}"
EndProject
Project("{FAE04EC0-301F-11D3-BF4B-00C04F79EFBC}") = "Assembly-CSharp", "Assembly-CSharp.csproj", "{863F59FC-056A-436C-BD91-0B40114DD504}"
EndProject
Project("{FAE04EC0-301F-11D3-BF4B-00C04F79EFBC}") = "Unity.VisualScripting.State.Editor", "Unity.VisualScripting.State.Editor.csproj", "{37EE0EFD-03AD-D89A-6B8F-974599182753}"
EndProject
Project("{FAE04EC0-301F-11D3-BF4B-00C04F79EFBC}") = "Unity.Burst.CodeGen", "Unity.Burst.CodeGen.csproj", "{F24EE9DD-26D9-E35B-328B-C20AB395AB43}"
EndProject
Project("{FAE04EC0-301F-11D3-BF4B-00C04F79EFBC}") = "Unity.VisualScripting.State", "Unity.VisualScripting.State.csproj", "{65EA4F9A-B990-E873-2D05-0B5519E23A0C}"
EndProject
Project("{FAE04EC0-301F-11D3-BF4B-00C04F79EFBC}") = "Unity.TextMeshPro", "Unity.TextMeshPro.csproj", "{4A72B713-E8EA-C68D-626F-EECBBCED5C54}"
EndProject
Project("{FAE04EC0-301F-11D3-BF4B-00C04F79EFBC}") = "Unity.2D.Tilemap.Extras.Editor", "Unity.2D.Tilemap.Extras.Editor.csproj", "{40277056-B106-BD13-E242-256E6C8AF8BF}"
EndProject
Project("{FAE04EC0-301F-11D3-BF4B-00C04F79EFBC}") = "Unity.2D.Animation.Runtime", "Unity.2D.Animation.Runtime.csproj", "{B735E216-D982-DB96-06E3-A2BA0BD3291F}"
EndProject
Project("{FAE04EC0-301F-11D3-BF4B-00C04F79EFBC}") = "Unity.VisualScripting.SettingsProvider.Editor", "Unity.VisualScripting.SettingsProvider.Editor.csproj", "{0BE3B94F-72D5-D689-C2C2-7BC1A8C473CD}"
EndProject
Project("{FAE04EC0-301F-11D3-BF4B-00C04F79EFBC}") = "Unity.2D.IK.Editor", "Unity.2D.IK.Editor.csproj", "{ABB73482-F063-21FA-2D2E-FDE41503B55E}"
EndProject
Project("{FAE04EC0-301F-11D3-BF4B-00C04F79EFBC}") = "Unity.InternalAPIEngineBridge.001", "Unity.InternalAPIEngineBridge.001.csproj", "{5CB0BF9D-9F7A-D3B7-1D76-1093D568409C}"
EndProject
Project("{FAE04EC0-301F-11D3-BF4B-00C04F79EFBC}") = "Unity.2D.Aseprite.Common", "Unity.2D.Aseprite.Common.csproj", "{240A6007-13F5-4B2D-0253-3A9F89669756}"
EndProject
Project("{FAE04EC0-301F-11D3-BF4B-00C04F79EFBC}") = "Unity.Burst.Editor", "Unity.Burst.Editor.csproj", "{D8604CE4-DE23-AD5E-D891-3008F042EE78}"
EndProject
Project("{FAE04EC0-301F-11D3-BF4B-00C04F79EFBC}") = "Unity.2D.Common.Editor", "Unity.2D.Common.Editor.csproj", "{F674100A-7EA5-13D9-28C3-9536D78874D5}"
EndProject
Project("{FAE04EC0-301F-11D3-BF4B-00C04F79EFBC}") = "Unity.2D.PixelPerfect", "Unity.2D.PixelPerfect.csproj", "{441173E8-204F-F5EC-BA2F-95DED28BD2CB}"
EndProject
Project("{FAE04EC0-301F-11D3-BF4B-00C04F79EFBC}") = "Unity.2D.PixelPerfect.Editor", "Unity.2D.PixelPerfect.Editor.csproj", "{94C31592-9827-BCFF-05B2-D1F5AB0DD056}"
EndProject
Project("{FAE04EC0-301F-11D3-BF4B-00C04F79EFBC}") = "Unity.2D.Common.Runtime", "Unity.2D.Common.Runtime.csproj", "{B36CC0FE-88AA-C6AC-37A1-D0E9C51F7BFB}"
EndProject
Project("{FAE04EC0-301F-11D3-BF4B-00C04F79EFBC}") = "Unity.InputSystem.ForUI", "Unity.InputSystem.ForUI.csproj", "{543EBE40-BC0A-3D42-0378-83F5CCD792BA}"
EndProject
Project("{FAE04EC0-301F-11D3-BF4B-00C04F79EFBC}") = "Unity.Mathematics.Editor", "Unity.Mathematics.Editor.csproj", "{97549AC4-720D-254D-2186-7B9F1D58DEDD}"
EndProject
Project("{FAE04EC0-301F-11D3-BF4B-00C04F79EFBC}") = "Unity.2D.Tilemap.Extras", "Unity.2D.Tilemap.Extras.csproj", "{5093B532-3B17-A941-E0B2-1F7663D86F5F}"
EndProject
Project("{FAE04EC0-301F-11D3-BF4B-00C04F79EFBC}") = "Unity.InputSystem.TestFramework", "Unity.InputSystem.TestFramework.csproj", "{40B1796D-97FF-191A-5E32-0B9D4B9C5F91}"
EndProject
Project("{FAE04EC0-301F-11D3-BF4B-00C04F79EFBC}") = "Unity.InternalAPIEditorBridge.005", "Unity.InternalAPIEditorBridge.005.csproj", "{6A706915-98BD-5B5C-E461-60C956F0A598}"
EndProject
Project("{FAE04EC0-301F-11D3-BF4B-00C04F79EFBC}") = "Unity.VisualScripting.Shared.Editor", "Unity.VisualScripting.Shared.Editor.csproj", "{637EA5D0-DB5E-D052-77EF-6B2D5EA01A22}"
EndProject
Project("{FAE04EC0-301F-11D3-BF4B-00C04F79EFBC}") = "Unity.Collections.DocCodeSamples", "Unity.Collections.DocCodeSamples.csproj", "{515818C8-F5E3-ED36-7F4F-AEB484A2F689}"
EndProject
Project("{FAE04EC0-301F-11D3-BF4B-00C04F79EFBC}") = "Unity.Collections.BurstCompatibilityGen", "Unity.Collections.BurstCompatibilityGen.csproj", "{A973F170-DFD7-5F95-C473-0DC607181D62}"
EndProject
Project("{FAE04EC0-301F-11D3-BF4B-00C04F79EFBC}") = "Unity.CollabProxy.Editor", "Unity.CollabProxy.Editor.csproj", "{87D12E87-80AD-7A9A-94AC-DA85D9B06CCE}"
EndProject
Global
	GlobalSection(SolutionConfigurationPlatforms) = preSolution
		Debug|Any CPU = Debug|Any CPU
		Release|Any CPU = Release|Any CPU
	EndGlobalSection
	GlobalSection(ProjectConfigurationPlatforms) = postSolution
		{87256C18-BC7F-E1A6-D2EB-A34F32563068}.Debug|Any CPU.ActiveCfg = Debug|Any CPU
		{87256C18-BC7F-E1A6-D2EB-A34F32563068}.Debug|Any CPU.Build.0 = Debug|Any CPU
		{87256C18-BC7F-E1A6-D2EB-A34F32563068}.Release|Any CPU.ActiveCfg = Release|Any CPU
		{87256C18-BC7F-E1A6-D2EB-A34F32563068}.Release|Any CPU.Build.0 = Release|Any CPU
		{6B1E0835-850F-0BCD-7DE2-0E80556FE970}.Debug|Any CPU.ActiveCfg = Debug|Any CPU
		{6B1E0835-850F-0BCD-7DE2-0E80556FE970}.Debug|Any CPU.Build.0 = Debug|Any CPU
		{6B1E0835-850F-0BCD-7DE2-0E80556FE970}.Release|Any CPU.ActiveCfg = Release|Any CPU
		{6B1E0835-850F-0BCD-7DE2-0E80556FE970}.Release|Any CPU.Build.0 = Release|Any CPU
		{CECC7EE0-B960-9CE6-0A0D-D6A0DE296882}.Debug|Any CPU.ActiveCfg = Debug|Any CPU
		{CECC7EE0-B960-9CE6-0A0D-D6A0DE296882}.Debug|Any CPU.Build.0 = Debug|Any CPU
		{CECC7EE0-B960-9CE6-0A0D-D6A0DE296882}.Release|Any CPU.ActiveCfg = Release|Any CPU
		{CECC7EE0-B960-9CE6-0A0D-D6A0DE296882}.Release|Any CPU.Build.0 = Release|Any CPU
		{44971D28-8683-B173-C9CD-83226476F412}.Debug|Any CPU.ActiveCfg = Debug|Any CPU
		{44971D28-8683-B173-C9CD-83226476F412}.Debug|Any CPU.Build.0 = Debug|Any CPU
		{44971D28-8683-B173-C9CD-83226476F412}.Release|Any CPU.ActiveCfg = Release|Any CPU
		{44971D28-8683-B173-C9CD-83226476F412}.Release|Any CPU.Build.0 = Release|Any CPU
		{2B187DF0-3308-8BC8-9C44-9B6ACA4DC472}.Debug|Any CPU.ActiveCfg = Debug|Any CPU
		{2B187DF0-3308-8BC8-9C44-9B6ACA4DC472}.Debug|Any CPU.Build.0 = Debug|Any CPU
		{2B187DF0-3308-8BC8-9C44-9B6ACA4DC472}.Release|Any CPU.ActiveCfg = Release|Any CPU
		{2B187DF0-3308-8BC8-9C44-9B6ACA4DC472}.Release|Any CPU.Build.0 = Release|Any CPU
		{DE4EB2AF-9240-12D5-BCBA-E8E170EE2664}.Debug|Any CPU.ActiveCfg = Debug|Any CPU
		{DE4EB2AF-9240-12D5-BCBA-E8E170EE2664}.Debug|Any CPU.Build.0 = Debug|Any CPU
		{DE4EB2AF-9240-12D5-BCBA-E8E170EE2664}.Release|Any CPU.ActiveCfg = Release|Any CPU
		{DE4EB2AF-9240-12D5-BCBA-E8E170EE2664}.Release|Any CPU.Build.0 = Release|Any CPU
		{2B69A089-FB9F-905F-E80D-ABC34B79332D}.Debug|Any CPU.ActiveCfg = Debug|Any CPU
		{2B69A089-FB9F-905F-E80D-ABC34B79332D}.Debug|Any CPU.Build.0 = Debug|Any CPU
		{2B69A089-FB9F-905F-E80D-ABC34B79332D}.Release|Any CPU.ActiveCfg = Release|Any CPU
		{2B69A089-FB9F-905F-E80D-ABC34B79332D}.Release|Any CPU.Build.0 = Release|Any CPU
		{433D0A23-7E9E-C50E-F029-0F8F876241D3}.Debug|Any CPU.ActiveCfg = Debug|Any CPU
		{433D0A23-7E9E-C50E-F029-0F8F876241D3}.Debug|Any CPU.Build.0 = Debug|Any CPU
		{433D0A23-7E9E-C50E-F029-0F8F876241D3}.Release|Any CPU.ActiveCfg = Release|Any CPU
		{433D0A23-7E9E-C50E-F029-0F8F876241D3}.Release|Any CPU.Build.0 = Release|Any CPU
		{DC04544A-3108-8A9F-3508-A1BB8485CBDB}.Debug|Any CPU.ActiveCfg = Debug|Any CPU
		{DC04544A-3108-8A9F-3508-A1BB8485CBDB}.Debug|Any CPU.Build.0 = Debug|Any CPU
		{DC04544A-3108-8A9F-3508-A1BB8485CBDB}.Release|Any CPU.ActiveCfg = Release|Any CPU
		{DC04544A-3108-8A9F-3508-A1BB8485CBDB}.Release|Any CPU.Build.0 = Release|Any CPU
		{8BA79DB1-DD78-86AA-2ACE-445DF7750B6C}.Debug|Any CPU.ActiveCfg = Debug|Any CPU
		{8BA79DB1-DD78-86AA-2ACE-445DF7750B6C}.Debug|Any CPU.Build.0 = Debug|Any CPU
		{8BA79DB1-DD78-86AA-2ACE-445DF7750B6C}.Release|Any CPU.ActiveCfg = Release|Any CPU
		{8BA79DB1-DD78-86AA-2ACE-445DF7750B6C}.Release|Any CPU.Build.0 = Release|Any CPU
		{E96B16DD-C67C-9FD5-18AB-D3A118194744}.Debug|Any CPU.ActiveCfg = Debug|Any CPU
		{E96B16DD-C67C-9FD5-18AB-D3A118194744}.Debug|Any CPU.Build.0 = Debug|Any CPU
		{E96B16DD-C67C-9FD5-18AB-D3A118194744}.Release|Any CPU.ActiveCfg = Release|Any CPU
		{E96B16DD-C67C-9FD5-18AB-D3A118194744}.Release|Any CPU.Build.0 = Release|Any CPU
		{31B455C1-DA2C-3FE6-554E-8F35BA12F5D2}.Debug|Any CPU.ActiveCfg = Debug|Any CPU
		{31B455C1-DA2C-3FE6-554E-8F35BA12F5D2}.Debug|Any CPU.Build.0 = Debug|Any CPU
		{31B455C1-DA2C-3FE6-554E-8F35BA12F5D2}.Release|Any CPU.ActiveCfg = Release|Any CPU
		{31B455C1-DA2C-3FE6-554E-8F35BA12F5D2}.Release|Any CPU.Build.0 = Release|Any CPU
		{1EADE9F2-701C-C097-F94A-018DA80C7A02}.Debug|Any CPU.ActiveCfg = Debug|Any CPU
		{1EADE9F2-701C-C097-F94A-018DA80C7A02}.Debug|Any CPU.Build.0 = Debug|Any CPU
		{1EADE9F2-701C-C097-F94A-018DA80C7A02}.Release|Any CPU.ActiveCfg = Release|Any CPU
		{1EADE9F2-701C-C097-F94A-018DA80C7A02}.Release|Any CPU.Build.0 = Release|Any CPU
		{50FF0C5D-72E6-0FF6-4BD9-A8B45274DBB0}.Debug|Any CPU.ActiveCfg = Debug|Any CPU
		{50FF0C5D-72E6-0FF6-4BD9-A8B45274DBB0}.Debug|Any CPU.Build.0 = Debug|Any CPU
		{50FF0C5D-72E6-0FF6-4BD9-A8B45274DBB0}.Release|Any CPU.ActiveCfg = Release|Any CPU
		{50FF0C5D-72E6-0FF6-4BD9-A8B45274DBB0}.Release|Any CPU.Build.0 = Release|Any CPU
		{36D99306-C3C8-50F8-6D96-A514694A522D}.Debug|Any CPU.ActiveCfg = Debug|Any CPU
		{36D99306-C3C8-50F8-6D96-A514694A522D}.Debug|Any CPU.Build.0 = Debug|Any CPU
		{36D99306-C3C8-50F8-6D96-A514694A522D}.Release|Any CPU.ActiveCfg = Release|Any CPU
		{36D99306-C3C8-50F8-6D96-A514694A522D}.Release|Any CPU.Build.0 = Release|Any CPU
		{3ECE38A7-0B03-7A83-4F30-A760D1349038}.Debug|Any CPU.ActiveCfg = Debug|Any CPU
		{3ECE38A7-0B03-7A83-4F30-A760D1349038}.Debug|Any CPU.Build.0 = Debug|Any CPU
		{3ECE38A7-0B03-7A83-4F30-A760D1349038}.Release|Any CPU.ActiveCfg = Release|Any CPU
		{3ECE38A7-0B03-7A83-4F30-A760D1349038}.Release|Any CPU.Build.0 = Release|Any CPU
		{7A4DD3D0-5EA1-BC26-FDB4-81D7CCE1AFB7}.Debug|Any CPU.ActiveCfg = Debug|Any CPU
		{7A4DD3D0-5EA1-BC26-FDB4-81D7CCE1AFB7}.Debug|Any CPU.Build.0 = Debug|Any CPU
		{7A4DD3D0-5EA1-BC26-FDB4-81D7CCE1AFB7}.Release|Any CPU.ActiveCfg = Release|Any CPU
		{7A4DD3D0-5EA1-BC26-FDB4-81D7CCE1AFB7}.Release|Any CPU.Build.0 = Release|Any CPU
		{B04BBFE0-0339-22D6-70A7-E3D0844DE32E}.Debug|Any CPU.ActiveCfg = Debug|Any CPU
		{B04BBFE0-0339-22D6-70A7-E3D0844DE32E}.Debug|Any CPU.Build.0 = Debug|Any CPU
		{B04BBFE0-0339-22D6-70A7-E3D0844DE32E}.Release|Any CPU.ActiveCfg = Release|Any CPU
		{B04BBFE0-0339-22D6-70A7-E3D0844DE32E}.Release|Any CPU.Build.0 = Release|Any CPU
		{2D0A585D-12FB-C5C5-D1FD-F6CEBD8D2D64}.Debug|Any CPU.ActiveCfg = Debug|Any CPU
		{2D0A585D-12FB-C5C5-D1FD-F6CEBD8D2D64}.Debug|Any CPU.Build.0 = Debug|Any CPU
		{2D0A585D-12FB-C5C5-D1FD-F6CEBD8D2D64}.Release|Any CPU.ActiveCfg = Release|Any CPU
		{2D0A585D-12FB-C5C5-D1FD-F6CEBD8D2D64}.Release|Any CPU.Build.0 = Release|Any CPU
		{827357B4-1438-F629-9582-29A12158F3F5}.Debug|Any CPU.ActiveCfg = Debug|Any CPU
		{827357B4-1438-F629-9582-29A12158F3F5}.Debug|Any CPU.Build.0 = Debug|Any CPU
		{827357B4-1438-F629-9582-29A12158F3F5}.Release|Any CPU.ActiveCfg = Release|Any CPU
		{827357B4-1438-F629-9582-29A12158F3F5}.Release|Any CPU.Build.0 = Release|Any CPU
		{409934B5-95CA-5FE0-85B2-87D3271E7D93}.Debug|Any CPU.ActiveCfg = Debug|Any CPU
		{409934B5-95CA-5FE0-85B2-87D3271E7D93}.Debug|Any CPU.Build.0 = Debug|Any CPU
		{409934B5-95CA-5FE0-85B2-87D3271E7D93}.Release|Any CPU.ActiveCfg = Release|Any CPU
		{409934B5-95CA-5FE0-85B2-87D3271E7D93}.Release|Any CPU.Build.0 = Release|Any CPU
		{D626374D-58F5-A865-4DA3-7824FC5467BE}.Debug|Any CPU.ActiveCfg = Debug|Any CPU
		{D626374D-58F5-A865-4DA3-7824FC5467BE}.Debug|Any CPU.Build.0 = Debug|Any CPU
		{D626374D-58F5-A865-4DA3-7824FC5467BE}.Release|Any CPU.ActiveCfg = Release|Any CPU
		{D626374D-58F5-A865-4DA3-7824FC5467BE}.Release|Any CPU.Build.0 = Release|Any CPU
		{7B7ED777-147D-E445-8FFD-8F5437590216}.Debug|Any CPU.ActiveCfg = Debug|Any CPU
		{7B7ED777-147D-E445-8FFD-8F5437590216}.Debug|Any CPU.Build.0 = Debug|Any CPU
		{7B7ED777-147D-E445-8FFD-8F5437590216}.Release|Any CPU.ActiveCfg = Release|Any CPU
		{7B7ED777-147D-E445-8FFD-8F5437590216}.Release|Any CPU.Build.0 = Release|Any CPU
		{C58D4514-95E5-1C5F-C6FB-577CE1323011}.Debug|Any CPU.ActiveCfg = Debug|Any CPU
		{C58D4514-95E5-1C5F-C6FB-577CE1323011}.Debug|Any CPU.Build.0 = Debug|Any CPU
		{C58D4514-95E5-1C5F-C6FB-577CE1323011}.Release|Any CPU.ActiveCfg = Release|Any CPU
		{C58D4514-95E5-1C5F-C6FB-577CE1323011}.Release|Any CPU.Build.0 = Release|Any CPU
		{DC5E9FA6-2848-C755-A764-88381CD9ABC9}.Debug|Any CPU.ActiveCfg = Debug|Any CPU
		{DC5E9FA6-2848-C755-A764-88381CD9ABC9}.Debug|Any CPU.Build.0 = Debug|Any CPU
		{DC5E9FA6-2848-C755-A764-88381CD9ABC9}.Release|Any CPU.ActiveCfg = Release|Any CPU
		{DC5E9FA6-2848-C755-A764-88381CD9ABC9}.Release|Any CPU.Build.0 = Release|Any CPU
		{1B5DAC08-0FAD-3746-2590-666C9CE2147E}.Debug|Any CPU.ActiveCfg = Debug|Any CPU
		{1B5DAC08-0FAD-3746-2590-666C9CE2147E}.Debug|Any CPU.Build.0 = Debug|Any CPU
		{1B5DAC08-0FAD-3746-2590-666C9CE2147E}.Release|Any CPU.ActiveCfg = Release|Any CPU
		{1B5DAC08-0FAD-3746-2590-666C9CE2147E}.Release|Any CPU.Build.0 = Release|Any CPU
		{863F59FC-056A-436C-BD91-0B40114DD504}.Debug|Any CPU.ActiveCfg = Debug|Any CPU
		{863F59FC-056A-436C-BD91-0B40114DD504}.Debug|Any CPU.Build.0 = Debug|Any CPU
		{863F59FC-056A-436C-BD91-0B40114DD504}.Release|Any CPU.ActiveCfg = Release|Any CPU
		{863F59FC-056A-436C-BD91-0B40114DD504}.Release|Any CPU.Build.0 = Release|Any CPU
		{37EE0EFD-03AD-D89A-6B8F-974599182753}.Debug|Any CPU.ActiveCfg = Debug|Any CPU
		{37EE0EFD-03AD-D89A-6B8F-974599182753}.Debug|Any CPU.Build.0 = Debug|Any CPU
		{37EE0EFD-03AD-D89A-6B8F-974599182753}.Release|Any CPU.ActiveCfg = Release|Any CPU
		{37EE0EFD-03AD-D89A-6B8F-974599182753}.Release|Any CPU.Build.0 = Release|Any CPU
		{F24EE9DD-26D9-E35B-328B-C20AB395AB43}.Debug|Any CPU.ActiveCfg = Debug|Any CPU
		{F24EE9DD-26D9-E35B-328B-C20AB395AB43}.Debug|Any CPU.Build.0 = Debug|Any CPU
		{F24EE9DD-26D9-E35B-328B-C20AB395AB43}.Release|Any CPU.ActiveCfg = Release|Any CPU
		{F24EE9DD-26D9-E35B-328B-C20AB395AB43}.Release|Any CPU.Build.0 = Release|Any CPU
		{65EA4F9A-B990-E873-2D05-0B5519E23A0C}.Debug|Any CPU.ActiveCfg = Debug|Any CPU
		{65EA4F9A-B990-E873-2D05-0B5519E23A0C}.Debug|Any CPU.Build.0 = Debug|Any CPU
		{65EA4F9A-B990-E873-2D05-0B5519E23A0C}.Release|Any CPU.ActiveCfg = Release|Any CPU
		{65EA4F9A-B990-E873-2D05-0B5519E23A0C}.Release|Any CPU.Build.0 = Release|Any CPU
		{4A72B713-E8EA-C68D-626F-EECBBCED5C54}.Debug|Any CPU.ActiveCfg = Debug|Any CPU
		{4A72B713-E8EA-C68D-626F-EECBBCED5C54}.Debug|Any CPU.Build.0 = Debug|Any CPU
		{4A72B713-E8EA-C68D-626F-EECBBCED5C54}.Release|Any CPU.ActiveCfg = Release|Any CPU
		{4A72B713-E8EA-C68D-626F-EECBBCED5C54}.Release|Any CPU.Build.0 = Release|Any CPU
		{40277056-B106-BD13-E242-256E6C8AF8BF}.Debug|Any CPU.ActiveCfg = Debug|Any CPU
		{40277056-B106-BD13-E242-256E6C8AF8BF}.Debug|Any CPU.Build.0 = Debug|Any CPU
		{40277056-B106-BD13-E242-256E6C8AF8BF}.Release|Any CPU.ActiveCfg = Release|Any CPU
		{40277056-B106-BD13-E242-256E6C8AF8BF}.Release|Any CPU.Build.0 = Release|Any CPU
		{B735E216-D982-DB96-06E3-A2BA0BD3291F}.Debug|Any CPU.ActiveCfg = Debug|Any CPU
		{B735E216-D982-DB96-06E3-A2BA0BD3291F}.Debug|Any CPU.Build.0 = Debug|Any CPU
		{B735E216-D982-DB96-06E3-A2BA0BD3291F}.Release|Any CPU.ActiveCfg = Release|Any CPU
		{B735E216-D982-DB96-06E3-A2BA0BD3291F}.Release|Any CPU.Build.0 = Release|Any CPU
		{0BE3B94F-72D5-D689-C2C2-7BC1A8C473CD}.Debug|Any CPU.ActiveCfg = Debug|Any CPU
		{0BE3B94F-72D5-D689-C2C2-7BC1A8C473CD}.Debug|Any CPU.Build.0 = Debug|Any CPU
		{0BE3B94F-72D5-D689-C2C2-7BC1A8C473CD}.Release|Any CPU.ActiveCfg = Release|Any CPU
		{0BE3B94F-72D5-D689-C2C2-7BC1A8C473CD}.Release|Any CPU.Build.0 = Release|Any CPU
		{ABB73482-F063-21FA-2D2E-FDE41503B55E}.Debug|Any CPU.ActiveCfg = Debug|Any CPU
		{ABB73482-F063-21FA-2D2E-FDE41503B55E}.Debug|Any CPU.Build.0 = Debug|Any CPU
		{ABB73482-F063-21FA-2D2E-FDE41503B55E}.Release|Any CPU.ActiveCfg = Release|Any CPU
		{ABB73482-F063-21FA-2D2E-FDE41503B55E}.Release|Any CPU.Build.0 = Release|Any CPU
		{5CB0BF9D-9F7A-D3B7-1D76-1093D568409C}.Debug|Any CPU.ActiveCfg = Debug|Any CPU
		{5CB0BF9D-9F7A-D3B7-1D76-1093D568409C}.Debug|Any CPU.Build.0 = Debug|Any CPU
		{5CB0BF9D-9F7A-D3B7-1D76-1093D568409C}.Release|Any CPU.ActiveCfg = Release|Any CPU
		{5CB0BF9D-9F7A-D3B7-1D76-1093D568409C}.Release|Any CPU.Build.0 = Release|Any CPU
		{240A6007-13F5-4B2D-0253-3A9F89669756}.Debug|Any CPU.ActiveCfg = Debug|Any CPU
		{240A6007-13F5-4B2D-0253-3A9F89669756}.Debug|Any CPU.Build.0 = Debug|Any CPU
		{240A6007-13F5-4B2D-0253-3A9F89669756}.Release|Any CPU.ActiveCfg = Release|Any CPU
		{240A6007-13F5-4B2D-0253-3A9F89669756}.Release|Any CPU.Build.0 = Release|Any CPU
		{D8604CE4-DE23-AD5E-D891-3008F042EE78}.Debug|Any CPU.ActiveCfg = Debug|Any CPU
		{D8604CE4-DE23-AD5E-D891-3008F042EE78}.Debug|Any CPU.Build.0 = Debug|Any CPU
		{D8604CE4-DE23-AD5E-D891-3008F042EE78}.Release|Any CPU.ActiveCfg = Release|Any CPU
		{D8604CE4-DE23-AD5E-D891-3008F042EE78}.Release|Any CPU.Build.0 = Release|Any CPU
		{F674100A-7EA5-13D9-28C3-9536D78874D5}.Debug|Any CPU.ActiveCfg = Debug|Any CPU
		{F674100A-7EA5-13D9-28C3-9536D78874D5}.Debug|Any CPU.Build.0 = Debug|Any CPU
		{F674100A-7EA5-13D9-28C3-9536D78874D5}.Release|Any CPU.ActiveCfg = Release|Any CPU
		{F674100A-7EA5-13D9-28C3-9536D78874D5}.Release|Any CPU.Build.0 = Release|Any CPU
		{441173E8-204F-F5EC-BA2F-95DED28BD2CB}.Debug|Any CPU.ActiveCfg = Debug|Any CPU
		{441173E8-204F-F5EC-BA2F-95DED28BD2CB}.Debug|Any CPU.Build.0 = Debug|Any CPU
		{441173E8-204F-F5EC-BA2F-95DED28BD2CB}.Release|Any CPU.ActiveCfg = Release|Any CPU
		{441173E8-204F-F5EC-BA2F-95DED28BD2CB}.Release|Any CPU.Build.0 = Release|Any CPU
		{94C31592-9827-BCFF-05B2-D1F5AB0DD056}.Debug|Any CPU.ActiveCfg = Debug|Any CPU
		{94C31592-9827-BCFF-05B2-D1F5AB0DD056}.Debug|Any CPU.Build.0 = Debug|Any CPU
		{94C31592-9827-BCFF-05B2-D1F5AB0DD056}.Release|Any CPU.ActiveCfg = Release|Any CPU
		{94C31592-9827-BCFF-05B2-D1F5AB0DD056}.Release|Any CPU.Build.0 = Release|Any CPU
		{B36CC0FE-88AA-C6AC-37A1-D0E9C51F7BFB}.Debug|Any CPU.ActiveCfg = Debug|Any CPU
		{B36CC0FE-88AA-C6AC-37A1-D0E9C51F7BFB}.Debug|Any CPU.Build.0 = Debug|Any CPU
		{B36CC0FE-88AA-C6AC-37A1-D0E9C51F7BFB}.Release|Any CPU.ActiveCfg = Release|Any CPU
		{B36CC0FE-88AA-C6AC-37A1-D0E9C51F7BFB}.Release|Any CPU.Build.0 = Release|Any CPU
		{543EBE40-BC0A-3D42-0378-83F5CCD792BA}.Debug|Any CPU.ActiveCfg = Debug|Any CPU
		{543EBE40-BC0A-3D42-0378-83F5CCD792BA}.Debug|Any CPU.Build.0 = Debug|Any CPU
		{543EBE40-BC0A-3D42-0378-83F5CCD792BA}.Release|Any CPU.ActiveCfg = Release|Any CPU
		{543EBE40-BC0A-3D42-0378-83F5CCD792BA}.Release|Any CPU.Build.0 = Release|Any CPU
		{97549AC4-720D-254D-2186-7B9F1D58DEDD}.Debug|Any CPU.ActiveCfg = Debug|Any CPU
		{97549AC4-720D-254D-2186-7B9F1D58DEDD}.Debug|Any CPU.Build.0 = Debug|Any CPU
		{97549AC4-720D-254D-2186-7B9F1D58DEDD}.Release|Any CPU.ActiveCfg = Release|Any CPU
		{97549AC4-720D-254D-2186-7B9F1D58DEDD}.Release|Any CPU.Build.0 = Release|Any CPU
		{5093B532-3B17-A941-E0B2-1F7663D86F5F}.Debug|Any CPU.ActiveCfg = Debug|Any CPU
		{5093B532-3B17-A941-E0B2-1F7663D86F5F}.Debug|Any CPU.Build.0 = Debug|Any CPU
		{5093B532-3B17-A941-E0B2-1F7663D86F5F}.Release|Any CPU.ActiveCfg = Release|Any CPU
		{5093B532-3B17-A941-E0B2-1F7663D86F5F}.Release|Any CPU.Build.0 = Release|Any CPU
		{40B1796D-97FF-191A-5E32-0B9D4B9C5F91}.Debug|Any CPU.ActiveCfg = Debug|Any CPU
		{40B1796D-97FF-191A-5E32-0B9D4B9C5F91}.Debug|Any CPU.Build.0 = Debug|Any CPU
		{40B1796D-97FF-191A-5E32-0B9D4B9C5F91}.Release|Any CPU.ActiveCfg = Release|Any CPU
		{40B1796D-97FF-191A-5E32-0B9D4B9C5F91}.Release|Any CPU.Build.0 = Release|Any CPU
		{6A706915-98BD-5B5C-E461-60C956F0A598}.Debug|Any CPU.ActiveCfg = Debug|Any CPU
		{6A706915-98BD-5B5C-E461-60C956F0A598}.Debug|Any CPU.Build.0 = Debug|Any CPU
		{6A706915-98BD-5B5C-E461-60C956F0A598}.Release|Any CPU.ActiveCfg = Release|Any CPU
		{6A706915-98BD-5B5C-E461-60C956F0A598}.Release|Any CPU.Build.0 = Release|Any CPU
		{637EA5D0-DB5E-D052-77EF-6B2D5EA01A22}.Debug|Any CPU.ActiveCfg = Debug|Any CPU
		{637EA5D0-DB5E-D052-77EF-6B2D5EA01A22}.Debug|Any CPU.Build.0 = Debug|Any CPU
		{637EA5D0-DB5E-D052-77EF-6B2D5EA01A22}.Release|Any CPU.ActiveCfg = Release|Any CPU
		{637EA5D0-DB5E-D052-77EF-6B2D5EA01A22}.Release|Any CPU.Build.0 = Release|Any CPU
		{515818C8-F5E3-ED36-7F4F-AEB484A2F689}.Debug|Any CPU.ActiveCfg = Debug|Any CPU
		{515818C8-F5E3-ED36-7F4F-AEB484A2F689}.Debug|Any CPU.Build.0 = Debug|Any CPU
		{515818C8-F5E3-ED36-7F4F-AEB484A2F689}.Release|Any CPU.ActiveCfg = Release|Any CPU
		{515818C8-F5E3-ED36-7F4F-AEB484A2F689}.Release|Any CPU.Build.0 = Release|Any CPU
		{A973F170-DFD7-5F95-C473-0DC607181D62}.Debug|Any CPU.ActiveCfg = Debug|Any CPU
		{A973F170-DFD7-5F95-C473-0DC607181D62}.Debug|Any CPU.Build.0 = Debug|Any CPU
		{A973F170-DFD7-5F95-C473-0DC607181D62}.Release|Any CPU.ActiveCfg = Release|Any CPU
		{A973F170-DFD7-5F95-C473-0DC607181D62}.Release|Any CPU.Build.0 = Release|Any CPU
		{87D12E87-80AD-7A9A-94AC-DA85D9B06CCE}.Debug|Any CPU.ActiveCfg = Debug|Any CPU
		{87D12E87-80AD-7A9A-94AC-DA85D9B06CCE}.Debug|Any CPU.Build.0 = Debug|Any CPU
		{87D12E87-80AD-7A9A-94AC-DA85D9B06CCE}.Release|Any CPU.ActiveCfg = Release|Any CPU
		{87D12E87-80AD-7A9A-94AC-DA85D9B06CCE}.Release|Any CPU.Build.0 = Release|Any CPU
	EndGlobalSection
	GlobalSection(SolutionProperties) = preSolution
		HideSolutionNode = FALSE
	EndGlobalSection
EndGlobal
